
Microsoft Visual Studio Solution File, Format Version 12.00
# Visual Studio Version 17
VisualStudioVersion = 17.10.35728.63
MinimumVisualStudioVersion = 10.0.40219.1
Project("{9A19103F-16F7-4668-BE54-9A1E7A4F7556}") = "SalesDistribution", "SalesDistribution.csproj", "{0921FBEB-76C4-4152-8806-B5A6F487F5C6}"
EndProject
Global
	GlobalSection(SolutionConfigurationPlatforms) = preSolution
		Debug|Any CPU = Debug|Any CPU
		Release|Any CPU = Release|Any CPU
	EndGlobalSection
	GlobalSection(ProjectConfigurationPlatforms) = postSolution
		{0921FBEB-76C4-4152-8806-B5A6F487F5C6}.Debug|Any CPU.ActiveCfg = Debug|Any CPU
		{0921FBEB-76C4-4152-8806-B5A6F487F5C6}.Debug|Any CPU.Build.0 = Debug|Any CPU
		{0921FBEB-76C4-4152-8806-B5A6F487F5C6}.Release|Any CPU.ActiveCfg = Release|Any CPU
		{0921FBEB-76C4-4152-8806-B5A6F487F5C6}.Release|Any CPU.Build.0 = Release|Any CPU
	EndGlobalSection
	GlobalSection(SolutionProperties) = preSolution
		HideSolutionNode = FALSE
	EndGlobalSection
	GlobalSection(ExtensibilityGlobals) = postSolution
		SolutionGuid = {FF239D77-46E2-4D6A-B9F8-73F0CD6ECC0F}
	EndGlobalSection
EndGlobal
